
Microsoft Visual Studio Solution File, Format Version 12.00
# Visual Studio Version 16
VisualStudioVersion = 16.0.33130.400
MinimumVisualStudioVersion = 10.0.40219.1
Project("{FAE04EC0-301F-11D3-BF4B-00C04F79EFBC}") = "pkract16forms", "pkract16forms.csproj", "{6D480D31-9351-446E-8C89-33D9020F8F4F}"
EndProject
Global
	GlobalSection(SolutionConfigurationPlatforms) = preSolution
		Debug|Any CPU = Debug|Any CPU
		Release|Any CPU = Release|Any CPU
	EndGlobalSection
	GlobalSection(ProjectConfigurationPlatforms) = postSolution
		{6D480D31-9351-446E-8C89-33D9020F8F4F}.Debug|Any CPU.ActiveCfg = Debug|Any CPU
		{6D480D31-9351-446E-8C89-33D9020F8F4F}.Debug|Any CPU.Build.0 = Debug|Any CPU
		{6D480D31-9351-446E-8C89-33D9020F8F4F}.Release|Any CPU.ActiveCfg = Release|Any CPU
		{6D480D31-9351-446E-8C89-33D9020F8F4F}.Release|Any CPU.Build.0 = Release|Any CPU
	EndGlobalSection
	GlobalSection(SolutionProperties) = preSolution
		HideSolutionNode = FALSE
	EndGlobalSection
	GlobalSection(ExtensibilityGlobals) = postSolution
		SolutionGuid = {F7CF5CB6-0444-4D0E-9623-F85859FF6251}
	EndGlobalSection
EndGlobal
